
Microsoft Visual Studio Solution File, Format Version 12.00
# Visual Studio 15
VisualStudioVersion = 15.0.27703.2018
MinimumVisualStudioVersion = 10.0.40219.1
Project("{9A19103F-16F7-4668-BE54-9A1E7A4F7556}") = "Even or Odd", "Even or Odd\Even or Odd.csproj", "{32DE8807-05D1-4E97-B875-8DF8C16B9B1D}"
EndProject
Project("{9A19103F-16F7-4668-BE54-9A1E7A4F7556}") = "Greater Number", "Greater Number\Greater Number.csproj", "{CB96927C-120A-4F7E-927C-7495BE472928}"
EndProject
Project("{9A19103F-16F7-4668-BE54-9A1E7A4F7556}") = "1 to 9 to Text", "1 to 9 to Text\1 to 9 to Text.csproj", "{99DA0A14-CF00-455B-8C4C-CF640CA20A7E}"
EndProject
Project("{9A19103F-16F7-4668-BE54-9A1E7A4F7556}") = "Bonus Score", "Bonus Score\Bonus Score.csproj", "{DF101BED-B587-4E67-B43B-D59AB584E064}"
EndProject
Project("{9A19103F-16F7-4668-BE54-9A1E7A4F7556}") = "Sum Seconds", "Sum Seconds\Sum Seconds.csproj", "{F5FD25DE-0F52-42AF-8BD8-78A55BCB0DFE}"
EndProject
Project("{9A19103F-16F7-4668-BE54-9A1E7A4F7556}") = "Metric Converter", "Metric Converter\Metric Converter.csproj", "{20571B87-8DA9-4D88-94F0-6B51ED83B8E9}"
EndProject
Project("{9A19103F-16F7-4668-BE54-9A1E7A4F7556}") = "Password Guess", "Password Guess\Password Guess.csproj", "{21A8F551-61CD-44C5-948A-04E80748B7FA}"
EndProject
Project("{FAE04EC0-301F-11D3-BF4B-00C04F79EFBC}") = "Number between 100 200", "Number between 100 200\Number between 100 200.csproj", "{21757454-7BB8-4459-9BE0-AC68B40575A1}"
EndProject
Project("{FAE04EC0-301F-11D3-BF4B-00C04F79EFBC}") = "Equal Words", "Equal Words\Equal Words.csproj", "{C3CB1B44-E6C2-4EE8-9C86-9D9C8C49A1C6}"
EndProject
Project("{FAE04EC0-301F-11D3-BF4B-00C04F79EFBC}") = "Speed Info", "Speed Info\Speed Info.csproj", "{EB330384-37EB-4875-A1C9-F2B8B77FBE85}"
EndProject
Global
	GlobalSection(SolutionConfigurationPlatforms) = preSolution
		Debug|Any CPU = Debug|Any CPU
		Release|Any CPU = Release|Any CPU
	EndGlobalSection
	GlobalSection(ProjectConfigurationPlatforms) = postSolution
		{32DE8807-05D1-4E97-B875-8DF8C16B9B1D}.Debug|Any CPU.ActiveCfg = Debug|Any CPU
		{32DE8807-05D1-4E97-B875-8DF8C16B9B1D}.Debug|Any CPU.Build.0 = Debug|Any CPU
		{32DE8807-05D1-4E97-B875-8DF8C16B9B1D}.Release|Any CPU.ActiveCfg = Release|Any CPU
		{32DE8807-05D1-4E97-B875-8DF8C16B9B1D}.Release|Any CPU.Build.0 = Release|Any CPU
		{CB96927C-120A-4F7E-927C-7495BE472928}.Debug|Any CPU.ActiveCfg = Debug|Any CPU
		{CB96927C-120A-4F7E-927C-7495BE472928}.Debug|Any CPU.Build.0 = Debug|Any CPU
		{CB96927C-120A-4F7E-927C-7495BE472928}.Release|Any CPU.ActiveCfg = Release|Any CPU
		{CB96927C-120A-4F7E-927C-7495BE472928}.Release|Any CPU.Build.0 = Release|Any CPU
		{99DA0A14-CF00-455B-8C4C-CF640CA20A7E}.Debug|Any CPU.ActiveCfg = Debug|Any CPU
		{99DA0A14-CF00-455B-8C4C-CF640CA20A7E}.Debug|Any CPU.Build.0 = Debug|Any CPU
		{99DA0A14-CF00-455B-8C4C-CF640CA20A7E}.Release|Any CPU.ActiveCfg = Release|Any CPU
		{99DA0A14-CF00-455B-8C4C-CF640CA20A7E}.Release|Any CPU.Build.0 = Release|Any CPU
		{DF101BED-B587-4E67-B43B-D59AB584E064}.Debug|Any CPU.ActiveCfg = Debug|Any CPU
		{DF101BED-B587-4E67-B43B-D59AB584E064}.Debug|Any CPU.Build.0 = Debug|Any CPU
		{DF101BED-B587-4E67-B43B-D59AB584E064}.Release|Any CPU.ActiveCfg = Release|Any CPU
		{DF101BED-B587-4E67-B43B-D59AB584E064}.Release|Any CPU.Build.0 = Release|Any CPU
		{F5FD25DE-0F52-42AF-8BD8-78A55BCB0DFE}.Debug|Any CPU.ActiveCfg = Debug|Any CPU
		{F5FD25DE-0F52-42AF-8BD8-78A55BCB0DFE}.Debug|Any CPU.Build.0 = Debug|Any CPU
		{F5FD25DE-0F52-42AF-8BD8-78A55BCB0DFE}.Release|Any CPU.ActiveCfg = Release|Any CPU
		{F5FD25DE-0F52-42AF-8BD8-78A55BCB0DFE}.Release|Any CPU.Build.0 = Release|Any CPU
		{20571B87-8DA9-4D88-94F0-6B51ED83B8E9}.Debug|Any CPU.ActiveCfg = Debug|Any CPU
		{20571B87-8DA9-4D88-94F0-6B51ED83B8E9}.Debug|Any CPU.Build.0 = Debug|Any CPU
		{20571B87-8DA9-4D88-94F0-6B51ED83B8E9}.Release|Any CPU.ActiveCfg = Release|Any CPU
		{20571B87-8DA9-4D88-94F0-6B51ED83B8E9}.Release|Any CPU.Build.0 = Release|Any CPU
		{21A8F551-61CD-44C5-948A-04E80748B7FA}.Debug|Any CPU.ActiveCfg = Debug|Any CPU
		{21A8F551-61CD-44C5-948A-04E80748B7FA}.Debug|Any CPU.Build.0 = Debug|Any CPU
		{21A8F551-61CD-44C5-948A-04E80748B7FA}.Release|Any CPU.ActiveCfg = Release|Any CPU
		{21A8F551-61CD-44C5-948A-04E80748B7FA}.Release|Any CPU.Build.0 = Release|Any CPU
		{21757454-7BB8-4459-9BE0-AC68B40575A1}.Debug|Any CPU.ActiveCfg = Debug|Any CPU
		{21757454-7BB8-4459-9BE0-AC68B40575A1}.Debug|Any CPU.Build.0 = Debug|Any CPU
		{21757454-7BB8-4459-9BE0-AC68B40575A1}.Release|Any CPU.ActiveCfg = Release|Any CPU
		{21757454-7BB8-4459-9BE0-AC68B40575A1}.Release|Any CPU.Build.0 = Release|Any CPU
		{C3CB1B44-E6C2-4EE8-9C86-9D9C8C49A1C6}.Debug|Any CPU.ActiveCfg = Debug|Any CPU
		{C3CB1B44-E6C2-4EE8-9C86-9D9C8C49A1C6}.Debug|Any CPU.Build.0 = Debug|Any CPU
		{C3CB1B44-E6C2-4EE8-9C86-9D9C8C49A1C6}.Release|Any CPU.ActiveCfg = Release|Any CPU
		{C3CB1B44-E6C2-4EE8-9C86-9D9C8C49A1C6}.Release|Any CPU.Build.0 = Release|Any CPU
		{EB330384-37EB-4875-A1C9-F2B8B77FBE85}.Debug|Any CPU.ActiveCfg = Debug|Any CPU
		{EB330384-37EB-4875-A1C9-F2B8B77FBE85}.Debug|Any CPU.Build.0 = Debug|Any CPU
		{EB330384-37EB-4875-A1C9-F2B8B77FBE85}.Release|Any CPU.ActiveCfg = Release|Any CPU
		{EB330384-37EB-4875-A1C9-F2B8B77FBE85}.Release|Any CPU.Build.0 = Release|Any CPU
	EndGlobalSection
	GlobalSection(SolutionProperties) = preSolution
		HideSolutionNode = FALSE
	EndGlobalSection
	GlobalSection(ExtensibilityGlobals) = postSolution
		SolutionGuid = {568094FB-2207-4CFC-879A-60D917DE18FD}
	EndGlobalSection
EndGlobal
