
Microsoft Visual Studio Solution File, Format Version 12.00
# Visual Studio 15
VisualStudioVersion = 15.0.27130.2010
MinimumVisualStudioVersion = 10.0.40219.1
Project("{FAE04EC0-301F-11D3-BF4B-00C04F79EFBC}") = "From 1 to 100", "For-Loop\From 1 to 100.csproj", "{43850BF7-7A47-442B-B79E-E2C7D36ECED5}"
EndProject
Project("{FAE04EC0-301F-11D3-BF4B-00C04F79EFBC}") = "Numbers Ending in 7", "Numbers Ending in 7\Numbers Ending in 7.csproj", "{30BB0C79-09C9-4557-8495-817177D16123}"
EndProject
Project("{FAE04EC0-301F-11D3-BF4B-00C04F79EFBC}") = "Latin Letters", "Latin Letters\Latin Letters.csproj", "{9D8765EB-E428-49CD-B1B2-EFBB0746B89E}"
EndProject
Project("{FAE04EC0-301F-11D3-BF4B-00C04F79EFBC}") = "Sum Numbers", "Sum Numbers\Sum Numbers.csproj", "{2E52D779-80B1-4A72-A561-734D567F4BD6}"
EndProject
Project("{FAE04EC0-301F-11D3-BF4B-00C04F79EFBC}") = "Max Number", "Max Number\Max Number.csproj", "{A05530AF-96BB-4E66-BC69-E53C5E0E75DB}"
EndProject
Global
	GlobalSection(SolutionConfigurationPlatforms) = preSolution
		Debug|Any CPU = Debug|Any CPU
		Release|Any CPU = Release|Any CPU
	EndGlobalSection
	GlobalSection(ProjectConfigurationPlatforms) = postSolution
		{43850BF7-7A47-442B-B79E-E2C7D36ECED5}.Debug|Any CPU.ActiveCfg = Debug|Any CPU
		{43850BF7-7A47-442B-B79E-E2C7D36ECED5}.Debug|Any CPU.Build.0 = Debug|Any CPU
		{43850BF7-7A47-442B-B79E-E2C7D36ECED5}.Release|Any CPU.ActiveCfg = Release|Any CPU
		{43850BF7-7A47-442B-B79E-E2C7D36ECED5}.Release|Any CPU.Build.0 = Release|Any CPU
		{30BB0C79-09C9-4557-8495-817177D16123}.Debug|Any CPU.ActiveCfg = Debug|Any CPU
		{30BB0C79-09C9-4557-8495-817177D16123}.Debug|Any CPU.Build.0 = Debug|Any CPU
		{30BB0C79-09C9-4557-8495-817177D16123}.Release|Any CPU.ActiveCfg = Release|Any CPU
		{30BB0C79-09C9-4557-8495-817177D16123}.Release|Any CPU.Build.0 = Release|Any CPU
		{9D8765EB-E428-49CD-B1B2-EFBB0746B89E}.Debug|Any CPU.ActiveCfg = Debug|Any CPU
		{9D8765EB-E428-49CD-B1B2-EFBB0746B89E}.Debug|Any CPU.Build.0 = Debug|Any CPU
		{9D8765EB-E428-49CD-B1B2-EFBB0746B89E}.Release|Any CPU.ActiveCfg = Release|Any CPU
		{9D8765EB-E428-49CD-B1B2-EFBB0746B89E}.Release|Any CPU.Build.0 = Release|Any CPU
		{2E52D779-80B1-4A72-A561-734D567F4BD6}.Debug|Any CPU.ActiveCfg = Debug|Any CPU
		{2E52D779-80B1-4A72-A561-734D567F4BD6}.Debug|Any CPU.Build.0 = Debug|Any CPU
		{2E52D779-80B1-4A72-A561-734D567F4BD6}.Release|Any CPU.ActiveCfg = Release|Any CPU
		{2E52D779-80B1-4A72-A561-734D567F4BD6}.Release|Any CPU.Build.0 = Release|Any CPU
		{A05530AF-96BB-4E66-BC69-E53C5E0E75DB}.Debug|Any CPU.ActiveCfg = Debug|Any CPU
		{A05530AF-96BB-4E66-BC69-E53C5E0E75DB}.Debug|Any CPU.Build.0 = Debug|Any CPU
		{A05530AF-96BB-4E66-BC69-E53C5E0E75DB}.Release|Any CPU.ActiveCfg = Release|Any CPU
		{A05530AF-96BB-4E66-BC69-E53C5E0E75DB}.Release|Any CPU.Build.0 = Release|Any CPU
	EndGlobalSection
	GlobalSection(SolutionProperties) = preSolution
		HideSolutionNode = FALSE
	EndGlobalSection
	GlobalSection(ExtensibilityGlobals) = postSolution
		SolutionGuid = {2BBE238C-D149-4784-B2BB-28E6A4078320}
	EndGlobalSection
EndGlobal
